// !$*UTF8*$!
{
	archiveVersion = 1;
	classes = {
	};
	objectVersion = 50;
	objects = {

/* Begin PBXBuildFile section */
		CD2B879A232A208900B5A241 /* ZHNOCNode.m in Sources */ = {isa = PBXBuildFile; fileRef = CD2B8799232A208900B5A241 /* ZHNOCNode.m */; };
		CD2B879D232A20A700B5A241 /* ZHNOCMethodNode.m in Sources */ = {isa = PBXBuildFile; fileRef = CD2B879C232A20A700B5A241 /* ZHNOCMethodNode.m */; };
		CD2B87A5232F8B6E00B5A241 /* ZHNOCAssignmentNode.m in Sources */ = {isa = PBXBuildFile; fileRef = CD2B87A4232F8B6E00B5A241 /* ZHNOCAssignmentNode.m */; };
		CD2B87A8232F8E6C00B5A241 /* ZHNOCAssembleNode.m in Sources */ = {isa = PBXBuildFile; fileRef = CD2B87A7232F8E6C00B5A241 /* ZHNOCAssembleNode.m */; };
		CD2B87AB232FB43300B5A241 /* ZHNOCIfElseNode.m in Sources */ = {isa = PBXBuildFile; fileRef = CD2B87AA232FB43300B5A241 /* ZHNOCIfElseNode.m */; };
		CD2B87AE232FB95A00B5A241 /* ZHNOCIfElseListNode.m in Sources */ = {isa = PBXBuildFile; fileRef = CD2B87AD232FB95A00B5A241 /* ZHNOCIfElseListNode.m */; };
		CD2B87B92330DE7300B5A241 /* ZHNOCIfElseCondition.m in Sources */ = {isa = PBXBuildFile; fileRef = CD2B87B82330DE7200B5A241 /* ZHNOCIfElseCondition.m */; };
		CD2BB9CB2321FC0D00AEC88D /* libffi.a in Frameworks */ = {isa = PBXBuildFile; fileRef = CD2BB9C82321FC0D00AEC88D /* libffi.a */; };
		CD2BB9CE2321FE9C00AEC88D /* ZHNOCMethodCaller.m in Sources */ = {isa = PBXBuildFile; fileRef = CD2BB9CD2321FE9C00AEC88D /* ZHNOCMethodCaller.m */; };
		CD362CE8233B4DC4006A0B18 /* ZHNOCGetSetNode.m in Sources */ = {isa = PBXBuildFile; fileRef = CD362CE7233B4DC4006A0B18 /* ZHNOCGetSetNode.m */; };
		CD362CEB233C6AA2006A0B18 /* ZHNOCReturnNode.m in Sources */ = {isa = PBXBuildFile; fileRef = CD362CEA233C6AA2006A0B18 /* ZHNOCReturnNode.m */; };
		CD362CEE233C8B53006A0B18 /* ZHNOCParseredNodeManager.m in Sources */ = {isa = PBXBuildFile; fileRef = CD362CED233C8B53006A0B18 /* ZHNOCParseredNodeManager.m */; };
		CD403EED2339B8A200971763 /* ZHNOCASTContextManager.m in Sources */ = {isa = PBXBuildFile; fileRef = CD403EEC2339B8A200971763 /* ZHNOCASTContextManager.m */; };
		CD403EF02339C16900971763 /* ZHNOCPointerWordNode.m in Sources */ = {isa = PBXBuildFile; fileRef = CD403EEF2339C16900971763 /* ZHNOCPointerWordNode.m */; };
		CD8B6914231FACB00037EA8D /* AppDelegate.m in Sources */ = {isa = PBXBuildFile; fileRef = CD8B6913231FACB00037EA8D /* AppDelegate.m */; };
		CD8B6917231FACB00037EA8D /* ViewController.m in Sources */ = {isa = PBXBuildFile; fileRef = CD8B6916231FACB00037EA8D /* ViewController.m */; };
		CD8B691A231FACB00037EA8D /* Main.storyboard in Resources */ = {isa = PBXBuildFile; fileRef = CD8B6918231FACB00037EA8D /* Main.storyboard */; };
		CD8B691C231FACB10037EA8D /* Assets.xcassets in Resources */ = {isa = PBXBuildFile; fileRef = CD8B691B231FACB10037EA8D /* Assets.xcassets */; };
		CD8B691F231FACB10037EA8D /* LaunchScreen.storyboard in Resources */ = {isa = PBXBuildFile; fileRef = CD8B691D231FACB10037EA8D /* LaunchScreen.storyboard */; };
		CD8B6922231FACB10037EA8D /* main.m in Sources */ = {isa = PBXBuildFile; fileRef = CD8B6921231FACB10037EA8D /* main.m */; };
		CD8B692C231FACB20037EA8D /* ZHNOCParserTests.m in Sources */ = {isa = PBXBuildFile; fileRef = CD8B692B231FACB20037EA8D /* ZHNOCParserTests.m */; };
		CD8B6937231FACB20037EA8D /* ZHNOCParserUITests.m in Sources */ = {isa = PBXBuildFile; fileRef = CD8B6936231FACB20037EA8D /* ZHNOCParserUITests.m */; };
		CD8B6946231FACDD0037EA8D /* parser.ym in Sources */ = {isa = PBXBuildFile; fileRef = CD8B6944231FACDD0037EA8D /* parser.ym */; };
		CD8B6947231FACDD0037EA8D /* tokenizer.lm in Sources */ = {isa = PBXBuildFile; fileRef = CD8B6945231FACDD0037EA8D /* tokenizer.lm */; };
		CD8B694A231FADA20037EA8D /* ZHNOCParser.m in Sources */ = {isa = PBXBuildFile; fileRef = CD8B6949231FADA20037EA8D /* ZHNOCParser.m */; };
		CDAFFA2E2333B0310054A58A /* ZHNConditionNode.m in Sources */ = {isa = PBXBuildFile; fileRef = CDAFFA2D2333B0310054A58A /* ZHNConditionNode.m */; };
/* End PBXBuildFile section */

/* Begin PBXContainerItemProxy section */
		CD8B6928231FACB20037EA8D /* PBXContainerItemProxy */ = {
			isa = PBXContainerItemProxy;
			containerPortal = CD8B6907231FACB00037EA8D /* Project object */;
			proxyType = 1;
			remoteGlobalIDString = CD8B690E231FACB00037EA8D;
			remoteInfo = ZHNOCParser;
		};
		CD8B6933231FACB20037EA8D /* PBXContainerItemProxy */ = {
			isa = PBXContainerItemProxy;
			containerPortal = CD8B6907231FACB00037EA8D /* Project object */;
			proxyType = 1;
			remoteGlobalIDString = CD8B690E231FACB00037EA8D;
			remoteInfo = ZHNOCParser;
		};
/* End PBXContainerItemProxy section */

/* Begin PBXFileReference section */
		CD2B8798232A208900B5A241 /* ZHNOCNode.h */ = {isa = PBXFileReference; lastKnownFileType = sourcecode.c.h; path = ZHNOCNode.h; sourceTree = "<group>"; };
		CD2B8799232A208900B5A241 /* ZHNOCNode.m */ = {isa = PBXFileReference; lastKnownFileType = sourcecode.c.objc; path = ZHNOCNode.m; sourceTree = "<group>"; };
		CD2B879B232A20A700B5A241 /* ZHNOCMethodNode.h */ = {isa = PBXFileReference; lastKnownFileType = sourcecode.c.h; path = ZHNOCMethodNode.h; sourceTree = "<group>"; };
		CD2B879C232A20A700B5A241 /* ZHNOCMethodNode.m */ = {isa = PBXFileReference; lastKnownFileType = sourcecode.c.objc; path = ZHNOCMethodNode.m; sourceTree = "<group>"; };
		CD2B87A3232F8B6E00B5A241 /* ZHNOCAssignmentNode.h */ = {isa = PBXFileReference; lastKnownFileType = sourcecode.c.h; path = ZHNOCAssignmentNode.h; sourceTree = "<group>"; };
		CD2B87A4232F8B6E00B5A241 /* ZHNOCAssignmentNode.m */ = {isa = PBXFileReference; lastKnownFileType = sourcecode.c.objc; path = ZHNOCAssignmentNode.m; sourceTree = "<group>"; };
		CD2B87A6232F8E6C00B5A241 /* ZHNOCAssembleNode.h */ = {isa = PBXFileReference; lastKnownFileType = sourcecode.c.h; path = ZHNOCAssembleNode.h; sourceTree = "<group>"; };
		CD2B87A7232F8E6C00B5A241 /* ZHNOCAssembleNode.m */ = {isa = PBXFileReference; lastKnownFileType = sourcecode.c.objc; path = ZHNOCAssembleNode.m; sourceTree = "<group>"; };
		CD2B87A9232FB43300B5A241 /* ZHNOCIfElseNode.h */ = {isa = PBXFileReference; lastKnownFileType = sourcecode.c.h; path = ZHNOCIfElseNode.h; sourceTree = "<group>"; };
		CD2B87AA232FB43300B5A241 /* ZHNOCIfElseNode.m */ = {isa = PBXFileReference; lastKnownFileType = sourcecode.c.objc; path = ZHNOCIfElseNode.m; sourceTree = "<group>"; };
		CD2B87AC232FB95A00B5A241 /* ZHNOCIfElseListNode.h */ = {isa = PBXFileReference; lastKnownFileType = sourcecode.c.h; path = ZHNOCIfElseListNode.h; sourceTree = "<group>"; };
		CD2B87AD232FB95A00B5A241 /* ZHNOCIfElseListNode.m */ = {isa = PBXFileReference; lastKnownFileType = sourcecode.c.objc; path = ZHNOCIfElseListNode.m; sourceTree = "<group>"; };
		CD2B87B72330DE7200B5A241 /* ZHNOCIfElseCondition.h */ = {isa = PBXFileReference; lastKnownFileType = sourcecode.c.h; path = ZHNOCIfElseCondition.h; sourceTree = "<group>"; };
		CD2B87B82330DE7200B5A241 /* ZHNOCIfElseCondition.m */ = {isa = PBXFileReference; lastKnownFileType = sourcecode.c.objc; path = ZHNOCIfElseCondition.m; sourceTree = "<group>"; };
		CD2BB9BF2321FC0D00AEC88D /* ffitarget_arm64.h */ = {isa = PBXFileReference; fileEncoding = 4; lastKnownFileType = sourcecode.c.h; path = ffitarget_arm64.h; sourceTree = "<group>"; };
		CD2BB9C02321FC0D00AEC88D /* ffitarget.h */ = {isa = PBXFileReference; fileEncoding = 4; lastKnownFileType = sourcecode.c.h; path = ffitarget.h; sourceTree = "<group>"; };
		CD2BB9C12321FC0D00AEC88D /* ffi_arm.h */ = {isa = PBXFileReference; fileEncoding = 4; lastKnownFileType = sourcecode.c.h; path = ffi_arm.h; sourceTree = "<group>"; };
		CD2BB9C22321FC0D00AEC88D /* ffi_i386.h */ = {isa = PBXFileReference; fileEncoding = 4; lastKnownFileType = sourcecode.c.h; path = ffi_i386.h; sourceTree = "<group>"; };
		CD2BB9C32321FC0D00AEC88D /* ffitarget_x86_64.h */ = {isa = PBXFileReference; fileEncoding = 4; lastKnownFileType = sourcecode.c.h; path = ffitarget_x86_64.h; sourceTree = "<group>"; };
		CD2BB9C42321FC0D00AEC88D /* ffi_x86_64.h */ = {isa = PBXFileReference; fileEncoding = 4; lastKnownFileType = sourcecode.c.h; path = ffi_x86_64.h; sourceTree = "<group>"; };
		CD2BB9C52321FC0D00AEC88D /* ffitarget_arm.h */ = {isa = PBXFileReference; fileEncoding = 4; lastKnownFileType = sourcecode.c.h; path = ffitarget_arm.h; sourceTree = "<group>"; };
		CD2BB9C62321FC0D00AEC88D /* ffitarget_i386.h */ = {isa = PBXFileReference; fileEncoding = 4; lastKnownFileType = sourcecode.c.h; path = ffitarget_i386.h; sourceTree = "<group>"; };
		CD2BB9C72321FC0D00AEC88D /* ffi_common.h */ = {isa = PBXFileReference; fileEncoding = 4; lastKnownFileType = sourcecode.c.h; path = ffi_common.h; sourceTree = "<group>"; };
		CD2BB9C82321FC0D00AEC88D /* libffi.a */ = {isa = PBXFileReference; lastKnownFileType = archive.ar; path = libffi.a; sourceTree = "<group>"; };
		CD2BB9C92321FC0D00AEC88D /* ffi.h */ = {isa = PBXFileReference; fileEncoding = 4; lastKnownFileType = sourcecode.c.h; path = ffi.h; sourceTree = "<group>"; };
		CD2BB9CA2321FC0D00AEC88D /* ffi_arm64.h */ = {isa = PBXFileReference; fileEncoding = 4; lastKnownFileType = sourcecode.c.h; path = ffi_arm64.h; sourceTree = "<group>"; };
		CD2BB9CC2321FE9C00AEC88D /* ZHNOCMethodCaller.h */ = {isa = PBXFileReference; lastKnownFileType = sourcecode.c.h; path = ZHNOCMethodCaller.h; sourceTree = "<group>"; };
		CD2BB9CD2321FE9C00AEC88D /* ZHNOCMethodCaller.m */ = {isa = PBXFileReference; lastKnownFileType = sourcecode.c.objc; path = ZHNOCMethodCaller.m; sourceTree = "<group>"; };
		CD362CE6233B4DC4006A0B18 /* ZHNOCGetSetNode.h */ = {isa = PBXFileReference; lastKnownFileType = sourcecode.c.h; path = ZHNOCGetSetNode.h; sourceTree = "<group>"; };
		CD362CE7233B4DC4006A0B18 /* ZHNOCGetSetNode.m */ = {isa = PBXFileReference; lastKnownFileType = sourcecode.c.objc; path = ZHNOCGetSetNode.m; sourceTree = "<group>"; };
		CD362CE9233C6AA2006A0B18 /* ZHNOCReturnNode.h */ = {isa = PBXFileReference; lastKnownFileType = sourcecode.c.h; path = ZHNOCReturnNode.h; sourceTree = "<group>"; };
		CD362CEA233C6AA2006A0B18 /* ZHNOCReturnNode.m */ = {isa = PBXFileReference; lastKnownFileType = sourcecode.c.objc; path = ZHNOCReturnNode.m; sourceTree = "<group>"; };
		CD362CEC233C8B53006A0B18 /* ZHNOCParseredNodeManager.h */ = {isa = PBXFileReference; lastKnownFileType = sourcecode.c.h; path = ZHNOCParseredNodeManager.h; sourceTree = "<group>"; };
		CD362CED233C8B53006A0B18 /* ZHNOCParseredNodeManager.m */ = {isa = PBXFileReference; lastKnownFileType = sourcecode.c.objc; path = ZHNOCParseredNodeManager.m; sourceTree = "<group>"; };
		CD403EEB2339B8A200971763 /* ZHNOCASTContextManager.h */ = {isa = PBXFileReference; lastKnownFileType = sourcecode.c.h; path = ZHNOCASTContextManager.h; sourceTree = "<group>"; };
		CD403EEC2339B8A200971763 /* ZHNOCASTContextManager.m */ = {isa = PBXFileReference; lastKnownFileType = sourcecode.c.objc; path = ZHNOCASTContextManager.m; sourceTree = "<group>"; };
		CD403EEE2339C16900971763 /* ZHNOCPointerWordNode.h */ = {isa = PBXFileReference; lastKnownFileType = sourcecode.c.h; path = ZHNOCPointerWordNode.h; sourceTree = "<group>"; };
		CD403EEF2339C16900971763 /* ZHNOCPointerWordNode.m */ = {isa = PBXFileReference; lastKnownFileType = sourcecode.c.objc; path = ZHNOCPointerWordNode.m; sourceTree = "<group>"; };
		CD8B690F231FACB00037EA8D /* ZHNOCParser.app */ = {isa = PBXFileReference; explicitFileType = wrapper.application; includeInIndex = 0; path = ZHNOCParser.app; sourceTree = BUILT_PRODUCTS_DIR; };
		CD8B6912231FACB00037EA8D /* AppDelegate.h */ = {isa = PBXFileReference; lastKnownFileType = sourcecode.c.h; path = AppDelegate.h; sourceTree = "<group>"; };
		CD8B6913231FACB00037EA8D /* AppDelegate.m */ = {isa = PBXFileReference; lastKnownFileType = sourcecode.c.objc; path = AppDelegate.m; sourceTree = "<group>"; };
		CD8B6915231FACB00037EA8D /* ViewController.h */ = {isa = PBXFileReference; lastKnownFileType = sourcecode.c.h; path = ViewController.h; sourceTree = "<group>"; };
		CD8B6916231FACB00037EA8D /* ViewController.m */ = {isa = PBXFileReference; lastKnownFileType = sourcecode.c.objc; path = ViewController.m; sourceTree = "<group>"; };
		CD8B6919231FACB00037EA8D /* Base */ = {isa = PBXFileReference; lastKnownFileType = file.storyboard; name = Base; path = Base.lproj/Main.storyboard; sourceTree = "<group>"; };
		CD8B691B231FACB10037EA8D /* Assets.xcassets */ = {isa = PBXFileReference; lastKnownFileType = folder.assetcatalog; path = Assets.xcassets; sourceTree = "<group>"; };
		CD8B691E231FACB10037EA8D /* Base */ = {isa = PBXFileReference; lastKnownFileType = file.storyboard; name = Base; path = Base.lproj/LaunchScreen.storyboard; sourceTree = "<group>"; };
		CD8B6920231FACB10037EA8D /* Info.plist */ = {isa = PBXFileReference; lastKnownFileType = text.plist.xml; path = Info.plist; sourceTree = "<group>"; };
		CD8B6921231FACB10037EA8D /* main.m */ = {isa = PBXFileReference; lastKnownFileType = sourcecode.c.objc; path = main.m; sourceTree = "<group>"; };
		CD8B6927231FACB20037EA8D /* ZHNOCParserTests.xctest */ = {isa = PBXFileReference; explicitFileType = wrapper.cfbundle; includeInIndex = 0; path = ZHNOCParserTests.xctest; sourceTree = BUILT_PRODUCTS_DIR; };
		CD8B692B231FACB20037EA8D /* ZHNOCParserTests.m */ = {isa = PBXFileReference; lastKnownFileType = sourcecode.c.objc; path = ZHNOCParserTests.m; sourceTree = "<group>"; };
		CD8B692D231FACB20037EA8D /* Info.plist */ = {isa = PBXFileReference; lastKnownFileType = text.plist.xml; path = Info.plist; sourceTree = "<group>"; };
		CD8B6932231FACB20037EA8D /* ZHNOCParserUITests.xctest */ = {isa = PBXFileReference; explicitFileType = wrapper.cfbundle; includeInIndex = 0; path = ZHNOCParserUITests.xctest; sourceTree = BUILT_PRODUCTS_DIR; };
		CD8B6936231FACB20037EA8D /* ZHNOCParserUITests.m */ = {isa = PBXFileReference; lastKnownFileType = sourcecode.c.objc; path = ZHNOCParserUITests.m; sourceTree = "<group>"; };
		CD8B6938231FACB20037EA8D /* Info.plist */ = {isa = PBXFileReference; lastKnownFileType = text.plist.xml; path = Info.plist; sourceTree = "<group>"; };
		CD8B6944231FACDD0037EA8D /* parser.ym */ = {isa = PBXFileReference; fileEncoding = 4; lastKnownFileType = sourcecode.yacc; path = parser.ym; sourceTree = "<group>"; };
		CD8B6945231FACDD0037EA8D /* tokenizer.lm */ = {isa = PBXFileReference; fileEncoding = 4; lastKnownFileType = sourcecode.lex; path = tokenizer.lm; sourceTree = "<group>"; };
		CD8B6948231FADA20037EA8D /* ZHNOCParser.h */ = {isa = PBXFileReference; lastKnownFileType = sourcecode.c.h; path = ZHNOCParser.h; sourceTree = "<group>"; };
		CD8B6949231FADA20037EA8D /* ZHNOCParser.m */ = {isa = PBXFileReference; lastKnownFileType = sourcecode.c.objc; path = ZHNOCParser.m; sourceTree = "<group>"; };
		CDAFFA2C2333B0310054A58A /* ZHNConditionNode.h */ = {isa = PBXFileReference; lastKnownFileType = sourcecode.c.h; path = ZHNConditionNode.h; sourceTree = "<group>"; };
		CDAFFA2D2333B0310054A58A /* ZHNConditionNode.m */ = {isa = PBXFileReference; lastKnownFileType = sourcecode.c.objc; path = ZHNConditionNode.m; sourceTree = "<group>"; };
/* End PBXFileReference section */

/* Begin PBXFrameworksBuildPhase section */
		CD8B690C231FACB00037EA8D /* Frameworks */ = {
			isa = PBXFrameworksBuildPhase;
			buildActionMask = 2147483647;
			files = (
				CD2BB9CB2321FC0D00AEC88D /* libffi.a in Frameworks */,
			);
			runOnlyForDeploymentPostprocessing = 0;
		};
		CD8B6924231FACB10037EA8D /* Frameworks */ = {
			isa = PBXFrameworksBuildPhase;
			buildActionMask = 2147483647;
			files = (
			);
			runOnlyForDeploymentPostprocessing = 0;
		};
		CD8B692F231FACB20037EA8D /* Frameworks */ = {
			isa = PBXFrameworksBuildPhase;
			buildActionMask = 2147483647;
			files = (
			);
			runOnlyForDeploymentPostprocessing = 0;
		};
/* End PBXFrameworksBuildPhase section */

/* Begin PBXGroup section */
		CD2B8797232A206300B5A241 /* node */ = {
			isa = PBXGroup;
			children = (
				CD403EEB2339B8A200971763 /* ZHNOCASTContextManager.h */,
				CD403EEC2339B8A200971763 /* ZHNOCASTContextManager.m */,
				CD2B8798232A208900B5A241 /* ZHNOCNode.h */,
				CD2B8799232A208900B5A241 /* ZHNOCNode.m */,
				CD403EEE2339C16900971763 /* ZHNOCPointerWordNode.h */,
				CD403EEF2339C16900971763 /* ZHNOCPointerWordNode.m */,
				CDAFFA2C2333B0310054A58A /* ZHNConditionNode.h */,
				CDAFFA2D2333B0310054A58A /* ZHNConditionNode.m */,
				CD2B879B232A20A700B5A241 /* ZHNOCMethodNode.h */,
				CD2B879C232A20A700B5A241 /* ZHNOCMethodNode.m */,
				CD2B87A3232F8B6E00B5A241 /* ZHNOCAssignmentNode.h */,
				CD2B87A4232F8B6E00B5A241 /* ZHNOCAssignmentNode.m */,
				CD2B87A6232F8E6C00B5A241 /* ZHNOCAssembleNode.h */,
				CD2B87A7232F8E6C00B5A241 /* ZHNOCAssembleNode.m */,
				CD2B87A9232FB43300B5A241 /* ZHNOCIfElseNode.h */,
				CD2B87AA232FB43300B5A241 /* ZHNOCIfElseNode.m */,
				CD2B87AC232FB95A00B5A241 /* ZHNOCIfElseListNode.h */,
				CD2B87AD232FB95A00B5A241 /* ZHNOCIfElseListNode.m */,
				CD2B87B72330DE7200B5A241 /* ZHNOCIfElseCondition.h */,
				CD2B87B82330DE7200B5A241 /* ZHNOCIfElseCondition.m */,
				CD362CE6233B4DC4006A0B18 /* ZHNOCGetSetNode.h */,
				CD362CE7233B4DC4006A0B18 /* ZHNOCGetSetNode.m */,
				CD362CE9233C6AA2006A0B18 /* ZHNOCReturnNode.h */,
				CD362CEA233C6AA2006A0B18 /* ZHNOCReturnNode.m */,
			);
			path = node;
			sourceTree = "<group>";
		};
		CD2BB9BE2321FC0D00AEC88D /* libffi */ = {
			isa = PBXGroup;
			children = (
				CD2BB9BF2321FC0D00AEC88D /* ffitarget_arm64.h */,
				CD2BB9C02321FC0D00AEC88D /* ffitarget.h */,
				CD2BB9C12321FC0D00AEC88D /* ffi_arm.h */,
				CD2BB9C22321FC0D00AEC88D /* ffi_i386.h */,
				CD2BB9C32321FC0D00AEC88D /* ffitarget_x86_64.h */,
				CD2BB9C42321FC0D00AEC88D /* ffi_x86_64.h */,
				CD2BB9C52321FC0D00AEC88D /* ffitarget_arm.h */,
				CD2BB9C62321FC0D00AEC88D /* ffitarget_i386.h */,
				CD2BB9C72321FC0D00AEC88D /* ffi_common.h */,
				CD2BB9C82321FC0D00AEC88D /* libffi.a */,
				CD2BB9C92321FC0D00AEC88D /* ffi.h */,
				CD2BB9CA2321FC0D00AEC88D /* ffi_arm64.h */,
			);
			path = libffi;
			sourceTree = "<group>";
		};
		CD8B6906231FACB00037EA8D = {
			isa = PBXGroup;
			children = (
				CD8B6911231FACB00037EA8D /* ZHNOCParser */,
				CD8B692A231FACB20037EA8D /* ZHNOCParserTests */,
				CD8B6935231FACB20037EA8D /* ZHNOCParserUITests */,
				CD8B6910231FACB00037EA8D /* Products */,
			);
			sourceTree = "<group>";
		};
		CD8B6910231FACB00037EA8D /* Products */ = {
			isa = PBXGroup;
			children = (
				CD8B690F231FACB00037EA8D /* ZHNOCParser.app */,
				CD8B6927231FACB20037EA8D /* ZHNOCParserTests.xctest */,
				CD8B6932231FACB20037EA8D /* ZHNOCParserUITests.xctest */,
			);
			name = Products;
			sourceTree = "<group>";
		};
		CD8B6911231FACB00037EA8D /* ZHNOCParser */ = {
			isa = PBXGroup;
			children = (
				CD8B6912231FACB00037EA8D /* AppDelegate.h */,
				CD8B6913231FACB00037EA8D /* AppDelegate.m */,
				CD8B6945231FACDD0037EA8D /* tokenizer.lm */,
				CD8B6944231FACDD0037EA8D /* parser.ym */,
				CD8B6948231FADA20037EA8D /* ZHNOCParser.h */,
				CD8B6949231FADA20037EA8D /* ZHNOCParser.m */,
				CD362CEC233C8B53006A0B18 /* ZHNOCParseredNodeManager.h */,
				CD362CED233C8B53006A0B18 /* ZHNOCParseredNodeManager.m */,
				CD2BB9CC2321FE9C00AEC88D /* ZHNOCMethodCaller.h */,
				CD2BB9CD2321FE9C00AEC88D /* ZHNOCMethodCaller.m */,
				CD2B8797232A206300B5A241 /* node */,
				CD2BB9BE2321FC0D00AEC88D /* libffi */,
				CD8B6915231FACB00037EA8D /* ViewController.h */,
				CD8B6916231FACB00037EA8D /* ViewController.m */,
				CD8B6918231FACB00037EA8D /* Main.storyboard */,
				CD8B691B231FACB10037EA8D /* Assets.xcassets */,
				CD8B691D231FACB10037EA8D /* LaunchScreen.storyboard */,
				CD8B6920231FACB10037EA8D /* Info.plist */,
				CD8B6921231FACB10037EA8D /* main.m */,
			);
			path = ZHNOCParser;
			sourceTree = "<group>";
		};
		CD8B692A231FACB20037EA8D /* ZHNOCParserTests */ = {
			isa = PBXGroup;
			children = (
				CD8B692B231FACB20037EA8D /* ZHNOCParserTests.m */,
				CD8B692D231FACB20037EA8D /* Info.plist */,
			);
			path = ZHNOCParserTests;
			sourceTree = "<group>";
		};
		CD8B6935231FACB20037EA8D /* ZHNOCParserUITests */ = {
			isa = PBXGroup;
			children = (
				CD8B6936231FACB20037EA8D /* ZHNOCParserUITests.m */,
				CD8B6938231FACB20037EA8D /* Info.plist */,
			);
			path = ZHNOCParserUITests;
			sourceTree = "<group>";
		};
/* End PBXGroup section */

/* Begin PBXNativeTarget section */
		CD8B690E231FACB00037EA8D /* ZHNOCParser */ = {
			isa = PBXNativeTarget;
			buildConfigurationList = CD8B693B231FACB20037EA8D /* Build configuration list for PBXNativeTarget "ZHNOCParser" */;
			buildPhases = (
				CD8B690B231FACB00037EA8D /* Sources */,
				CD8B690C231FACB00037EA8D /* Frameworks */,
				CD8B690D231FACB00037EA8D /* Resources */,
			);
			buildRules = (
			);
			dependencies = (
			);
			name = ZHNOCParser;
			productName = ZHNOCParser;
			productReference = CD8B690F231FACB00037EA8D /* ZHNOCParser.app */;
			productType = "com.apple.product-type.application";
		};
		CD8B6926231FACB10037EA8D /* ZHNOCParserTests */ = {
			isa = PBXNativeTarget;
			buildConfigurationList = CD8B693E231FACB20037EA8D /* Build configuration list for PBXNativeTarget "ZHNOCParserTests" */;
			buildPhases = (
				CD8B6923231FACB10037EA8D /* Sources */,
				CD8B6924231FACB10037EA8D /* Frameworks */,
				CD8B6925231FACB10037EA8D /* Resources */,
			);
			buildRules = (
			);
			dependencies = (
				CD8B6929231FACB20037EA8D /* PBXTargetDependency */,
			);
			name = ZHNOCParserTests;
			productName = ZHNOCParserTests;
			productReference = CD8B6927231FACB20037EA8D /* ZHNOCParserTests.xctest */;
			productType = "com.apple.product-type.bundle.unit-test";
		};
		CD8B6931231FACB20037EA8D /* ZHNOCParserUITests */ = {
			isa = PBXNativeTarget;
			buildConfigurationList = CD8B6941231FACB20037EA8D /* Build configuration list for PBXNativeTarget "ZHNOCParserUITests" */;
			buildPhases = (
				CD8B692E231FACB20037EA8D /* Sources */,
				CD8B692F231FACB20037EA8D /* Frameworks */,
				CD8B6930231FACB20037EA8D /* Resources */,
			);
			buildRules = (
			);
			dependencies = (
				CD8B6934231FACB20037EA8D /* PBXTargetDependency */,
			);
			name = ZHNOCParserUITests;
			productName = ZHNOCParserUITests;
			productReference = CD8B6932231FACB20037EA8D /* ZHNOCParserUITests.xctest */;
			productType = "com.apple.product-type.bundle.ui-testing";
		};
/* End PBXNativeTarget section */

/* Begin PBXProject section */
		CD8B6907231FACB00037EA8D /* Project object */ = {
			isa = PBXProject;
			attributes = {
				LastUpgradeCheck = 1020;
				ORGANIZATIONNAME = zhn;
				TargetAttributes = {
					CD8B690E231FACB00037EA8D = {
						CreatedOnToolsVersion = 10.2;
					};
					CD8B6926231FACB10037EA8D = {
						CreatedOnToolsVersion = 10.2;
						TestTargetID = CD8B690E231FACB00037EA8D;
					};
					CD8B6931231FACB20037EA8D = {
						CreatedOnToolsVersion = 10.2;
						TestTargetID = CD8B690E231FACB00037EA8D;
					};
				};
			};
			buildConfigurationList = CD8B690A231FACB00037EA8D /* Build configuration list for PBXProject "ZHNOCParser" */;
			compatibilityVersion = "Xcode 9.3";
			developmentRegion = en;
			hasScannedForEncodings = 0;
			knownRegions = (
				en,
				Base,
			);
			mainGroup = CD8B6906231FACB00037EA8D;
			productRefGroup = CD8B6910231FACB00037EA8D /* Products */;
			projectDirPath = "";
			projectRoot = "";
			targets = (
				CD8B690E231FACB00037EA8D /* ZHNOCParser */,
				CD8B6926231FACB10037EA8D /* ZHNOCParserTests */,
				CD8B6931231FACB20037EA8D /* ZHNOCParserUITests */,
			);
		};
/* End PBXProject section */

/* Begin PBXResourcesBuildPhase section */
		CD8B690D231FACB00037EA8D /* Resources */ = {
			isa = PBXResourcesBuildPhase;
			buildActionMask = 2147483647;
			files = (
				CD8B691F231FACB10037EA8D /* LaunchScreen.storyboard in Resources */,
				CD8B691C231FACB10037EA8D /* Assets.xcassets in Resources */,
				CD8B691A231FACB00037EA8D /* Main.storyboard in Resources */,
			);
			runOnlyForDeploymentPostprocessing = 0;
		};
		CD8B6925231FACB10037EA8D /* Resources */ = {
			isa = PBXResourcesBuildPhase;
			buildActionMask = 2147483647;
			files = (
			);
			runOnlyForDeploymentPostprocessing = 0;
		};
		CD8B6930231FACB20037EA8D /* Resources */ = {
			isa = PBXResourcesBuildPhase;
			buildActionMask = 2147483647;
			files = (
			);
			runOnlyForDeploymentPostprocessing = 0;
		};
/* End PBXResourcesBuildPhase section */

/* Begin PBXSourcesBuildPhase section */
		CD8B690B231FACB00037EA8D /* Sources */ = {
			isa = PBXSourcesBuildPhase;
			buildActionMask = 2147483647;
			files = (
				CD2B879A232A208900B5A241 /* ZHNOCNode.m in Sources */,
				CD2B87A5232F8B6E00B5A241 /* ZHNOCAssignmentNode.m in Sources */,
				CD362CEE233C8B53006A0B18 /* ZHNOCParseredNodeManager.m in Sources */,
				CD2B87AB232FB43300B5A241 /* ZHNOCIfElseNode.m in Sources */,
				CDAFFA2E2333B0310054A58A /* ZHNConditionNode.m in Sources */,
				CD2B87B92330DE7300B5A241 /* ZHNOCIfElseCondition.m in Sources */,
				CD8B6917231FACB00037EA8D /* ViewController.m in Sources */,
				CD403EED2339B8A200971763 /* ZHNOCASTContextManager.m in Sources */,
				CD8B6922231FACB10037EA8D /* main.m in Sources */,
				CD8B6947231FACDD0037EA8D /* tokenizer.lm in Sources */,
				CD2B87AE232FB95A00B5A241 /* ZHNOCIfElseListNode.m in Sources */,
				CD362CE8233B4DC4006A0B18 /* ZHNOCGetSetNode.m in Sources */,
				CD362CEB233C6AA2006A0B18 /* ZHNOCReturnNode.m in Sources */,
				CD8B694A231FADA20037EA8D /* ZHNOCParser.m in Sources */,
				CD2B87A8232F8E6C00B5A241 /* ZHNOCAssembleNode.m in Sources */,
				CD8B6946231FACDD0037EA8D /* parser.ym in Sources */,
				CD2BB9CE2321FE9C00AEC88D /* ZHNOCMethodCaller.m in Sources */,
				CD403EF02339C16900971763 /* ZHNOCPointerWordNode.m in Sources */,
				CD8B6914231FACB00037EA8D /* AppDelegate.m in Sources */,
				CD2B879D232A20A700B5A241 /* ZHNOCMethodNode.m in Sources */,
			);
			runOnlyForDeploymentPostprocessing = 0;
		};
		CD8B6923231FACB10037EA8D /* Sources */ = {
			isa = PBXSourcesBuildPhase;
			buildActionMask = 2147483647;
			files = (
				CD8B692C231FACB20037EA8D /* ZHNOCParserTests.m in Sources */,
			);
			runOnlyForDeploymentPostprocessing = 0;
		};
		CD8B692E231FACB20037EA8D /* Sources */ = {
			isa = PBXSourcesBuildPhase;
			buildActionMask = 2147483647;
			files = (
				CD8B6937231FACB20037EA8D /* ZHNOCParserUITests.m in Sources */,
			);
			runOnlyForDeploymentPostprocessing = 0;
		};
/* End PBXSourcesBuildPhase section */

/* Begin PBXTargetDependency section */
		CD8B6929231FACB20037EA8D /* PBXTargetDependency */ = {
			isa = PBXTargetDependency;
			target = CD8B690E231FACB00037EA8D /* ZHNOCParser */;
			targetProxy = CD8B6928231FACB20037EA8D /* PBXContainerItemProxy */;
		};
		CD8B6934231FACB20037EA8D /* PBXTargetDependency */ = {
			isa = PBXTargetDependency;
			target = CD8B690E231FACB00037EA8D /* ZHNOCParser */;
			targetProxy = CD8B6933231FACB20037EA8D /* PBXContainerItemProxy */;
		};
/* End PBXTargetDependency section */

/* Begin PBXVariantGroup section */
		CD8B6918231FACB00037EA8D /* Main.storyboard */ = {
			isa = PBXVariantGroup;
			children = (
				CD8B6919231FACB00037EA8D /* Base */,
			);
			name = Main.storyboard;
			sourceTree = "<group>";
		};
		CD8B691D231FACB10037EA8D /* LaunchScreen.storyboard */ = {
			isa = PBXVariantGroup;
			children = (
				CD8B691E231FACB10037EA8D /* Base */,
			);
			name = LaunchScreen.storyboard;
			sourceTree = "<group>";
		};
/* End PBXVariantGroup section */

/* Begin XCBuildConfiguration section */
		CD8B6939231FACB20037EA8D /* Debug */ = {
			isa = XCBuildConfiguration;
			buildSettings = {
				ALWAYS_SEARCH_USER_PATHS = NO;
				CLANG_ANALYZER_NONNULL = YES;
				CLANG_ANALYZER_NUMBER_OBJECT_CONVERSION = YES_AGGRESSIVE;
				CLANG_CXX_LANGUAGE_STANDARD = "gnu++14";
				CLANG_CXX_LIBRARY = "libc++";
				CLANG_ENABLE_MODULES = YES;
				CLANG_ENABLE_OBJC_ARC = YES;
				CLANG_ENABLE_OBJC_WEAK = YES;
				CLANG_WARN_BLOCK_CAPTURE_AUTORELEASING = YES;
				CLANG_WARN_BOOL_CONVERSION = YES;
				CLANG_WARN_COMMA = YES;
				CLANG_WARN_CONSTANT_CONVERSION = YES;
				CLANG_WARN_DEPRECATED_OBJC_IMPLEMENTATIONS = YES;
				CLANG_WARN_DIRECT_OBJC_ISA_USAGE = YES_ERROR;
				CLANG_WARN_DOCUMENTATION_COMMENTS = YES;
				CLANG_WARN_EMPTY_BODY = YES;
				CLANG_WARN_ENUM_CONVERSION = YES;
				CLANG_WARN_INFINITE_RECURSION = YES;
				CLANG_WARN_INT_CONVERSION = YES;
				CLANG_WARN_NON_LITERAL_NULL_CONVERSION = YES;
				CLANG_WARN_OBJC_IMPLICIT_RETAIN_SELF = YES;
				CLANG_WARN_OBJC_LITERAL_CONVERSION = YES;
				CLANG_WARN_OBJC_ROOT_CLASS = YES_ERROR;
				CLANG_WARN_RANGE_LOOP_ANALYSIS = YES;
				CLANG_WARN_STRICT_PROTOTYPES = YES;
				CLANG_WARN_SUSPICIOUS_MOVE = YES;
				CLANG_WARN_UNGUARDED_AVAILABILITY = YES_AGGRESSIVE;
				CLANG_WARN_UNREACHABLE_CODE = YES;
				CLANG_WARN__DUPLICATE_METHOD_MATCH = YES;
				CODE_SIGN_IDENTITY = "iPhone Developer";
				COPY_PHASE_STRIP = NO;
				DEBUG_INFORMATION_FORMAT = dwarf;
				ENABLE_STRICT_OBJC_MSGSEND = YES;
				ENABLE_TESTABILITY = YES;
				GCC_C_LANGUAGE_STANDARD = gnu11;
				GCC_DYNAMIC_NO_PIC = NO;
				GCC_NO_COMMON_BLOCKS = YES;
				GCC_OPTIMIZATION_LEVEL = 0;
				GCC_PREPROCESSOR_DEFINITIONS = (
					"DEBUG=1",
					"$(inherited)",
				);
				GCC_WARN_64_TO_32_BIT_CONVERSION = YES;
				GCC_WARN_ABOUT_RETURN_TYPE = YES_ERROR;
				GCC_WARN_UNDECLARED_SELECTOR = YES;
				GCC_WARN_UNINITIALIZED_AUTOS = YES_AGGRESSIVE;
				GCC_WARN_UNUSED_FUNCTION = YES;
				GCC_WARN_UNUSED_VARIABLE = YES;
				IPHONEOS_DEPLOYMENT_TARGET = 12.2;
				MTL_ENABLE_DEBUG_INFO = INCLUDE_SOURCE;
				MTL_FAST_MATH = YES;
				ONLY_ACTIVE_ARCH = YES;
				SDKROOT = iphoneos;
			};
			name = Debug;
		};
		CD8B693A231FACB20037EA8D /* Release */ = {
			isa = XCBuildConfiguration;
			buildSettings = {
				ALWAYS_SEARCH_USER_PATHS = NO;
				CLANG_ANALYZER_NONNULL = YES;
				CLANG_ANALYZER_NUMBER_OBJECT_CONVERSION = YES_AGGRESSIVE;
				CLANG_CXX_LANGUAGE_STANDARD = "gnu++14";
				CLANG_CXX_LIBRARY = "libc++";
				CLANG_ENABLE_MODULES = YES;
				CLANG_ENABLE_OBJC_ARC = YES;
				CLANG_ENABLE_OBJC_WEAK = YES;
				CLANG_WARN_BLOCK_CAPTURE_AUTORELEASING = YES;
				CLANG_WARN_BOOL_CONVERSION = YES;
				CLANG_WARN_COMMA = YES;
				CLANG_WARN_CONSTANT_CONVERSION = YES;
				CLANG_WARN_DEPRECATED_OBJC_IMPLEMENTATIONS = YES;
				CLANG_WARN_DIRECT_OBJC_ISA_USAGE = YES_ERROR;
				CLANG_WARN_DOCUMENTATION_COMMENTS = YES;
				CLANG_WARN_EMPTY_BODY = YES;
				CLANG_WARN_ENUM_CONVERSION = YES;
				CLANG_WARN_INFINITE_RECURSION = YES;
				CLANG_WARN_INT_CONVERSION = YES;
				CLANG_WARN_NON_LITERAL_NULL_CONVERSION = YES;
				CLANG_WARN_OBJC_IMPLICIT_RETAIN_SELF = YES;
				CLANG_WARN_OBJC_LITERAL_CONVERSION = YES;
				CLANG_WARN_OBJC_ROOT_CLASS = YES_ERROR;
				CLANG_WARN_RANGE_LOOP_ANALYSIS = YES;
				CLANG_WARN_STRICT_PROTOTYPES = YES;
				CLANG_WARN_SUSPICIOUS_MOVE = YES;
				CLANG_WARN_UNGUARDED_AVAILABILITY = YES_AGGRESSIVE;
				CLANG_WARN_UNREACHABLE_CODE = YES;
				CLANG_WARN__DUPLICATE_METHOD_MATCH = YES;
				CODE_SIGN_IDENTITY = "iPhone Developer";
				COPY_PHASE_STRIP = NO;
				DEBUG_INFORMATION_FORMAT = "dwarf-with-dsym";
				ENABLE_NS_ASSERTIONS = NO;
				ENABLE_STRICT_OBJC_MSGSEND = YES;
				GCC_C_LANGUAGE_STANDARD = gnu11;
				GCC_NO_COMMON_BLOCKS = YES;
				GCC_WARN_64_TO_32_BIT_CONVERSION = YES;
				GCC_WARN_ABOUT_RETURN_TYPE = YES_ERROR;
				GCC_WARN_UNDECLARED_SELECTOR = YES;
				GCC_WARN_UNINITIALIZED_AUTOS = YES_AGGRESSIVE;
				GCC_WARN_UNUSED_FUNCTION = YES;
				GCC_WARN_UNUSED_VARIABLE = YES;
				IPHONEOS_DEPLOYMENT_TARGET = 12.2;
				MTL_ENABLE_DEBUG_INFO = NO;
				MTL_FAST_MATH = YES;
				SDKROOT = iphoneos;
				VALIDATE_PRODUCT = YES;
			};
			name = Release;
		};
		CD8B693C231FACB20037EA8D /* Debug */ = {
			isa = XCBuildConfiguration;
			buildSettings = {
				ASSETCATALOG_COMPILER_APPICON_NAME = AppIcon;
				CODE_SIGN_STYLE = Automatic;
				INFOPLIST_FILE = ZHNOCParser/Info.plist;
				IPHONEOS_DEPLOYMENT_TARGET = 11.0;
				LD_RUNPATH_SEARCH_PATHS = (
					"$(inherited)",
					"@executable_path/Frameworks",
				);
				LIBRARY_SEARCH_PATHS = (
					"$(inherited)",
					"$(PROJECT_DIR)/ZHNOCParser/libffi",
				);
				PRODUCT_BUNDLE_IDENTIFIER = haitao.ZHNOCParser;
				PRODUCT_NAME = "$(TARGET_NAME)";
				TARGETED_DEVICE_FAMILY = "1,2";
			};
			name = Debug;
		};
		CD8B693D231FACB20037EA8D /* Release */ = {
			isa = XCBuildConfiguration;
			buildSettings = {
				ASSETCATALOG_COMPILER_APPICON_NAME = AppIcon;
				CODE_SIGN_STYLE = Automatic;
				INFOPLIST_FILE = ZHNOCParser/Info.plist;
				IPHONEOS_DEPLOYMENT_TARGET = 11.0;
				LD_RUNPATH_SEARCH_PATHS = (
					"$(inherited)",
					"@executable_path/Frameworks",
				);
				LIBRARY_SEARCH_PATHS = (
					"$(inherited)",
					"$(PROJECT_DIR)/ZHNOCParser/libffi",
				);
				PRODUCT_BUNDLE_IDENTIFIER = haitao.ZHNOCParser;
				PRODUCT_NAME = "$(TARGET_NAME)";
				TARGETED_DEVICE_FAMILY = "1,2";
			};
			name = Release;
		};
		CD8B693F231FACB20037EA8D /* Debug */ = {
			isa = XCBuildConfiguration;
			buildSettings = {
				BUNDLE_LOADER = "$(TEST_HOST)";
				CODE_SIGN_STYLE = Automatic;
				INFOPLIST_FILE = ZHNOCParserTests/Info.plist;
				LD_RUNPATH_SEARCH_PATHS = (
					"$(inherited)",
					"@executable_path/Frameworks",
					"@loader_path/Frameworks",
				);
				PRODUCT_BUNDLE_IDENTIFIER = haitao.ZHNOCParserTests;
				PRODUCT_NAME = "$(TARGET_NAME)";
				TARGETED_DEVICE_FAMILY = "1,2";
				TEST_HOST = "$(BUILT_PRODUCTS_DIR)/ZHNOCParser.app/ZHNOCParser";
			};
			name = Debug;
		};
		CD8B6940231FACB20037EA8D /* Release */ = {
			isa = XCBuildConfiguration;
			buildSettings = {
				BUNDLE_LOADER = "$(TEST_HOST)";
				CODE_SIGN_STYLE = Automatic;
				INFOPLIST_FILE = ZHNOCParserTests/Info.plist;
				LD_RUNPATH_SEARCH_PATHS = (
					"$(inherited)",
					"@executable_path/Frameworks",
					"@loader_path/Frameworks",
				);
				PRODUCT_BUNDLE_IDENTIFIER = haitao.ZHNOCParserTests;
				PRODUCT_NAME = "$(TARGET_NAME)";
				TARGETED_DEVICE_FAMILY = "1,2";
				TEST_HOST = "$(BUILT_PRODUCTS_DIR)/ZHNOCParser.app/ZHNOCParser";
			};
			name = Release;
		};
		CD8B6942231FACB20037EA8D /* Debug */ = {
			isa = XCBuildConfiguration;
			buildSettings = {
				CODE_SIGN_STYLE = Automatic;
				INFOPLIST_FILE = ZHNOCParserUITests/Info.plist;
				LD_RUNPATH_SEARCH_PATHS = (
					"$(inherited)",
					"@executable_path/Frameworks",
					"@loader_path/Frameworks",
				);
				PRODUCT_BUNDLE_IDENTIFIER = haitao.ZHNOCParserUITests;
				PRODUCT_NAME = "$(TARGET_NAME)";
				TARGETED_DEVICE_FAMILY = "1,2";
				TEST_TARGET_NAME = ZHNOCParser;
			};
			name = Debug;
		};
		CD8B6943231FACB20037EA8D /* Release */ = {
			isa = XCBuildConfiguration;
			buildSettings = {
				CODE_SIGN_STYLE = Automatic;
				INFOPLIST_FILE = ZHNOCParserUITests/Info.plist;
				LD_RUNPATH_SEARCH_PATHS = (
					"$(inherited)",
					"@executable_path/Frameworks",
					"@loader_path/Frameworks",
				);
				PRODUCT_BUNDLE_IDENTIFIER = haitao.ZHNOCParserUITests;
				PRODUCT_NAME = "$(TARGET_NAME)";
				TARGETED_DEVICE_FAMILY = "1,2";
				TEST_TARGET_NAME = ZHNOCParser;
			};
			name = Release;
		};
/* End XCBuildConfiguration section */

/* Begin XCConfigurationList section */
		CD8B690A231FACB00037EA8D /* Build configuration list for PBXProject "ZHNOCParser" */ = {
			isa = XCConfigurationList;
			buildConfigurations = (
				CD8B6939231FACB20037EA8D /* Debug */,
				CD8B693A231FACB20037EA8D /* Release */,
			);
			defaultConfigurationIsVisible = 0;
			defaultConfigurationName = Release;
		};
		CD8B693B231FACB20037EA8D /* Build configuration list for PBXNativeTarget "ZHNOCParser" */ = {
			isa = XCConfigurationList;
			buildConfigurations = (
				CD8B693C231FACB20037EA8D /* Debug */,
				CD8B693D231FACB20037EA8D /* Release */,
			);
			defaultConfigurationIsVisible = 0;
			defaultConfigurationName = Release;
		};
		CD8B693E231FACB20037EA8D /* Build configuration list for PBXNativeTarget "ZHNOCParserTests" */ = {
			isa = XCConfigurationList;
			buildConfigurations = (
				CD8B693F231FACB20037EA8D /* Debug */,
				CD8B6940231FACB20037EA8D /* Release */,
			);
			defaultConfigurationIsVisible = 0;
			defaultConfigurationName = Release;
		};
		CD8B6941231FACB20037EA8D /* Build configuration list for PBXNativeTarget "ZHNOCParserUITests" */ = {
			isa = XCConfigurationList;
			buildConfigurations = (
				CD8B6942231FACB20037EA8D /* Debug */,
				CD8B6943231FACB20037EA8D /* Release */,
			);
			defaultConfigurationIsVisible = 0;
			defaultConfigurationName = Release;
		};
/* End XCConfigurationList section */
	};
	rootObject = CD8B6907231FACB00037EA8D /* Project object */;
}
